
Microsoft Visual Studio Solution File, Format Version 12.00
# Visual Studio Version 16
VisualStudioVersion = 16.0.30002.166
MinimumVisualStudioVersion = 10.0.40219.1
Project("{FAE04EC0-301F-11D3-BF4B-00C04F79EFBC}") = "MouseBuddy", "MouseBuddy\MouseBuddy.csproj", "{74BFB6DB-F835-4A97-A07C-8BC623DC475A}"
EndProject
Global
	GlobalSection(SolutionConfigurationPlatforms) = preSolution
		Debug|Any CPU = Debug|Any CPU
		Release|Any CPU = Release|Any CPU
	EndGlobalSection
	GlobalSection(ProjectConfigurationPlatforms) = postSolution
		{74BFB6DB-F835-4A97-A07C-8BC623DC475A}.Debug|Any CPU.ActiveCfg = Debug|Any CPU
		{74BFB6DB-F835-4A97-A07C-8BC623DC475A}.Debug|Any CPU.Build.0 = Debug|Any CPU
		{74BFB6DB-F835-4A97-A07C-8BC623DC475A}.Release|Any CPU.ActiveCfg = Release|Any CPU
		{74BFB6DB-F835-4A97-A07C-8BC623DC475A}.Release|Any CPU.Build.0 = Release|Any CPU
	EndGlobalSection
	GlobalSection(SolutionProperties) = preSolution
		HideSolutionNode = FALSE
	EndGlobalSection
	GlobalSection(ExtensibilityGlobals) = postSolution
		SolutionGuid = {E5B3E2C1-AC76-48BB-A739-34E5954F7220}
	EndGlobalSection
EndGlobal
